
Microsoft Visual Studio Solution File, Format Version 12.00
# Visual Studio Version 17
VisualStudioVersion = 17.0.32112.339
MinimumVisualStudioVersion = 10.0.40219.1
Project("{FAE04EC0-301F-11D3-BF4B-00C04F79EFBC}") = "CalendarDataToAxData", "CalendarDataToAxData\CalendarDataToAxData.csproj", "{D973DE2E-2B84-44A2-9FF5-1EF7181DA6F2}"
EndProject
Global
	GlobalSection(SolutionConfigurationPlatforms) = preSolution
		Debug|Any CPU = Debug|Any CPU
		Release|Any CPU = Release|Any CPU
	EndGlobalSection
	GlobalSection(ProjectConfigurationPlatforms) = postSolution
		{D973DE2E-2B84-44A2-9FF5-1EF7181DA6F2}.Debug|Any CPU.ActiveCfg = Debug|Any CPU
		{D973DE2E-2B84-44A2-9FF5-1EF7181DA6F2}.Debug|Any CPU.Build.0 = Debug|Any CPU
		{D973DE2E-2B84-44A2-9FF5-1EF7181DA6F2}.Release|Any CPU.ActiveCfg = Release|Any CPU
		{D973DE2E-2B84-44A2-9FF5-1EF7181DA6F2}.Release|Any CPU.Build.0 = Release|Any CPU
	EndGlobalSection
	GlobalSection(SolutionProperties) = preSolution
		HideSolutionNode = FALSE
	EndGlobalSection
	GlobalSection(ExtensibilityGlobals) = postSolution
		SolutionGuid = {1F14A137-8467-4A68-829F-08EEBAE7142A}
	EndGlobalSection
EndGlobal
